
Microsoft Visual Studio Solution File, Format Version 12.00
# Visual Studio Version 17
VisualStudioVersion = 17.10.35013.160
MinimumVisualStudioVersion = 10.0.40219.1
Project("{FAE04EC0-301F-11D3-BF4B-00C04F79EFBC}") = "BaseFirst", "BaseFirst\BaseFirst.csproj", "{1814DB3B-06EE-4DDD-9286-CCFE58EE6CB3}"
EndProject
Project("{FAE04EC0-301F-11D3-BF4B-00C04F79EFBC}") = "SpainChampionship", "SpainChampionship\SpainChampionship.csproj", "{DEB886D4-E20C-4D2E-B6DF-DC4FC535142A}"
EndProject
Global
	GlobalSection(SolutionConfigurationPlatforms) = preSolution
		Debug|Any CPU = Debug|Any CPU
		Release|Any CPU = Release|Any CPU
	EndGlobalSection
	GlobalSection(ProjectConfigurationPlatforms) = postSolution
		{1814DB3B-06EE-4DDD-9286-CCFE58EE6CB3}.Debug|Any CPU.ActiveCfg = Debug|Any CPU
		{1814DB3B-06EE-4DDD-9286-CCFE58EE6CB3}.Debug|Any CPU.Build.0 = Debug|Any CPU
		{1814DB3B-06EE-4DDD-9286-CCFE58EE6CB3}.Release|Any CPU.ActiveCfg = Release|Any CPU
		{1814DB3B-06EE-4DDD-9286-CCFE58EE6CB3}.Release|Any CPU.Build.0 = Release|Any CPU
		{DEB886D4-E20C-4D2E-B6DF-DC4FC535142A}.Debug|Any CPU.ActiveCfg = Debug|Any CPU
		{DEB886D4-E20C-4D2E-B6DF-DC4FC535142A}.Debug|Any CPU.Build.0 = Debug|Any CPU
		{DEB886D4-E20C-4D2E-B6DF-DC4FC535142A}.Release|Any CPU.ActiveCfg = Release|Any CPU
		{DEB886D4-E20C-4D2E-B6DF-DC4FC535142A}.Release|Any CPU.Build.0 = Release|Any CPU
	EndGlobalSection
	GlobalSection(SolutionProperties) = preSolution
		HideSolutionNode = FALSE
	EndGlobalSection
	GlobalSection(ExtensibilityGlobals) = postSolution
		SolutionGuid = {64FA792A-234A-4767-87B2-6767F2BFAAA3}
	EndGlobalSection
EndGlobal
